
Microsoft Visual Studio Solution File, Format Version 12.00
# Visual Studio Version 17
VisualStudioVersion = 17.9.34622.214
MinimumVisualStudioVersion = 10.0.40219.1
Project("{2150E333-8FDC-42A3-9474-1A3956D46DE8}") = "Services", "Services", "{ECB9122F-CAEB-447C-892C-C91AFBC99780}"
EndProject
Project("{2150E333-8FDC-42A3-9474-1A3956D46DE8}") = "Catalog", "Catalog", "{6991DA0C-2349-45E6-9DAC-DE9203976F52}"
EndProject
Project("{9A19103F-16F7-4668-BE54-9A1E7A4F7556}") = "Catalog.API", "Services\Catalog\Catalog.API\Catalog.API.csproj", "{B54C16D0-B7C5-4D72-98C6-63D46B460D57}"
EndProject
Project("{2150E333-8FDC-42A3-9474-1A3956D46DE8}") = "BuildingBlocks", "BuildingBlocks", "{B4351F99-B9DD-425B-A89F-374D665E6AC1}"
EndProject
Project("{FAE04EC0-301F-11D3-BF4B-00C04F79EFBC}") = "BuildingBlocks", "BuildingBlocks\BuildingBlocks\BuildingBlocks.csproj", "{6A3430E1-774B-4E20-8763-DE660B5F4810}"
EndProject
Global
	GlobalSection(SolutionConfigurationPlatforms) = preSolution
		Debug|Any CPU = Debug|Any CPU
		Release|Any CPU = Release|Any CPU
	EndGlobalSection
	GlobalSection(ProjectConfigurationPlatforms) = postSolution
		{B54C16D0-B7C5-4D72-98C6-63D46B460D57}.Debug|Any CPU.ActiveCfg = Debug|Any CPU
		{B54C16D0-B7C5-4D72-98C6-63D46B460D57}.Debug|Any CPU.Build.0 = Debug|Any CPU
		{B54C16D0-B7C5-4D72-98C6-63D46B460D57}.Release|Any CPU.ActiveCfg = Release|Any CPU
		{B54C16D0-B7C5-4D72-98C6-63D46B460D57}.Release|Any CPU.Build.0 = Release|Any CPU
		{6A3430E1-774B-4E20-8763-DE660B5F4810}.Debug|Any CPU.ActiveCfg = Debug|Any CPU
		{6A3430E1-774B-4E20-8763-DE660B5F4810}.Debug|Any CPU.Build.0 = Debug|Any CPU
		{6A3430E1-774B-4E20-8763-DE660B5F4810}.Release|Any CPU.ActiveCfg = Release|Any CPU
		{6A3430E1-774B-4E20-8763-DE660B5F4810}.Release|Any CPU.Build.0 = Release|Any CPU
	EndGlobalSection
	GlobalSection(SolutionProperties) = preSolution
		HideSolutionNode = FALSE
	EndGlobalSection
	GlobalSection(NestedProjects) = preSolution
		{6991DA0C-2349-45E6-9DAC-DE9203976F52} = {ECB9122F-CAEB-447C-892C-C91AFBC99780}
		{B54C16D0-B7C5-4D72-98C6-63D46B460D57} = {6991DA0C-2349-45E6-9DAC-DE9203976F52}
		{6A3430E1-774B-4E20-8763-DE660B5F4810} = {B4351F99-B9DD-425B-A89F-374D665E6AC1}
	EndGlobalSection
	GlobalSection(ExtensibilityGlobals) = postSolution
		SolutionGuid = {FDA841C3-E757-4F82-9E2B-E2C5C981DB06}
	EndGlobalSection
EndGlobal
